<?xml version="1.0" encoding="utf-8"?>
<Project ToolsVersion="16.0" xmlns="http://schemas.microsoft.com/developer/msbuild/2003">
  <ItemGroup>
    <CustomBuild Include="D:\GitClones\YonemaEngine\ExLibrary\PhysX-4.1\PhysX-4.1\physx\compiler\vc16win64\CMakeFiles\c6a7504bca7748bca58a7279d021bf91\INSTALL_force.rule">
      <Filter>CMake Rules</Filter>
    </CustomBuild>
  </ItemGroup>
  <ItemGroup>
    <Filter Include="CMake Rules">
      <UniqueIdentifier>{C483E4A7-9CB5-3C29-BA0A-36D5265F79D1}</UniqueIdentifier>
    </Filter>
  </ItemGroup>
</Project>
