
Microsoft Visual Studio Solution File, Format Version 12.00
# Visual Studio Version 16
Project("{2150E333-8FDC-42A3-9474-1A3956D46DE8}") = "CMakePredefinedTargets", "CMakePredefinedTargets", "{04541473-F12B-3E1B-931E-65AE9FFFA13F}"
EndProject
Project("{2150E333-8FDC-42A3-9474-1A3956D46DE8}") = "PhysX SDK", "PhysX SDK", "{E92E7609-B693-317B-9442-F8146200EE70}"
EndProject
Project("{2150E333-8FDC-42A3-9474-1A3956D46DE8}") = "PhysX Samples", "PhysX Samples", "{FD5E6566-D6F1-3EBE-8752-06EDD36F45F1}"
EndProject
Project("{2150E333-8FDC-42A3-9474-1A3956D46DE8}") = "Libraries only", "PhysX Samples\Libraries only", "{DBB59441-1AC0-325E-AD23-B5EA42B15318}"
EndProject
Project("{8BC9CEB8-8B4A-11D0-8D11-00A0C91BC942}") = "ALL_BUILD", "ALL_BUILD.vcxproj", "{E1903C90-D1AB-3AE5-A744-09CA1F5FE47F}"
	ProjectSection(ProjectDependencies) = postProject
		{1C3C3A5E-D8B9-3C44-9AB0-0C8668812C78} = {1C3C3A5E-D8B9-3C44-9AB0-0C8668812C78}
		{EA7616A3-5E16-3C3C-AC92-02CCF2F2AD6E} = {EA7616A3-5E16-3C3C-AC92-02CCF2F2AD6E}
		{AF647EB4-0E34-3389-AFFE-C60045EE7492} = {AF647EB4-0E34-3389-AFFE-C60045EE7492}
		{01E6C6E9-77AD-3E1A-BB12-1FDE9EDCBC95} = {01E6C6E9-77AD-3E1A-BB12-1FDE9EDCBC95}
		{E6EA0FB4-7DBC-3526-A3F2-ED4CAC5BE8ED} = {E6EA0FB4-7DBC-3526-A3F2-ED4CAC5BE8ED}
		{D6575800-A6B7-3EC7-BC79-2249CE769CD6} = {D6575800-A6B7-3EC7-BC79-2249CE769CD6}
		{EB525DFC-C5D1-311D-8011-EDDB509AEDFA} = {EB525DFC-C5D1-311D-8011-EDDB509AEDFA}
	EndProjectSection
EndProject
Project("{8BC9CEB8-8B4A-11D0-8D11-00A0C91BC942}") = "FastXml", "..\sdk_source_bin\FastXml.vcxproj", "{066FDAF1-B986-3DF9-AB81-927D84360C43}"
	ProjectSection(ProjectDependencies) = postProject
		{EB525DFC-C5D1-311D-8011-EDDB509AEDFA} = {EB525DFC-C5D1-311D-8011-EDDB509AEDFA}
	EndProjectSection
EndProject
Project("{8BC9CEB8-8B4A-11D0-8D11-00A0C91BC942}") = "INSTALL", "INSTALL.vcxproj", "{A007EF5B-F70F-3C61-ADC7-06DC25D83C36}"
	ProjectSection(ProjectDependencies) = postProject
		{E1903C90-D1AB-3AE5-A744-09CA1F5FE47F} = {E1903C90-D1AB-3AE5-A744-09CA1F5FE47F}
		{EB525DFC-C5D1-311D-8011-EDDB509AEDFA} = {EB525DFC-C5D1-311D-8011-EDDB509AEDFA}
	EndProjectSection
EndProject
Project("{8BC9CEB8-8B4A-11D0-8D11-00A0C91BC942}") = "LowLevel", "..\sdk_source_bin\LowLevel.vcxproj", "{5F6552D5-B456-37B0-B54C-02FA41FE7E02}"
	ProjectSection(ProjectDependencies) = postProject
		{EB525DFC-C5D1-311D-8011-EDDB509AEDFA} = {EB525DFC-C5D1-311D-8011-EDDB509AEDFA}
	EndProjectSection
EndProject
Project("{8BC9CEB8-8B4A-11D0-8D11-00A0C91BC942}") = "LowLevelAABB", "..\sdk_source_bin\LowLevelAABB.vcxproj", "{3D5FE57A-3E75-3001-AAB1-FB9F5D751E56}"
	ProjectSection(ProjectDependencies) = postProject
		{EB525DFC-C5D1-311D-8011-EDDB509AEDFA} = {EB525DFC-C5D1-311D-8011-EDDB509AEDFA}
	EndProjectSection
EndProject
Project("{8BC9CEB8-8B4A-11D0-8D11-00A0C91BC942}") = "LowLevelDynamics", "..\sdk_source_bin\LowLevelDynamics.vcxproj", "{51077C6A-21D2-3CE1-87CD-ADEA6EC9F004}"
	ProjectSection(ProjectDependencies) = postProject
		{EB525DFC-C5D1-311D-8011-EDDB509AEDFA} = {EB525DFC-C5D1-311D-8011-EDDB509AEDFA}
	EndProjectSection
EndProject
Project("{8BC9CEB8-8B4A-11D0-8D11-00A0C91BC942}") = "PhysX", "..\sdk_source_bin\PhysX.vcxproj", "{AE4763B1-75D4-39F0-9833-7A0DDB5B4018}"
	ProjectSection(ProjectDependencies) = postProject
		{5F6552D5-B456-37B0-B54C-02FA41FE7E02} = {5F6552D5-B456-37B0-B54C-02FA41FE7E02}
		{3D5FE57A-3E75-3001-AAB1-FB9F5D751E56} = {3D5FE57A-3E75-3001-AAB1-FB9F5D751E56}
		{51077C6A-21D2-3CE1-87CD-ADEA6EC9F004} = {51077C6A-21D2-3CE1-87CD-ADEA6EC9F004}
		{78E3B7E6-21C7-3AD7-986C-989B7E0B1C90} = {78E3B7E6-21C7-3AD7-986C-989B7E0B1C90}
		{F582C745-271B-3272-A4BC-3496CE53105C} = {F582C745-271B-3272-A4BC-3496CE53105C}
		{D4B7724C-D096-3043-8909-D8D1EDB19ED8} = {D4B7724C-D096-3043-8909-D8D1EDB19ED8}
		{EB717157-7916-3E31-9C5C-B07D55A12627} = {EB717157-7916-3E31-9C5C-B07D55A12627}
		{F4F7A9FF-AE54-35CB-8C5D-DD60DF030894} = {F4F7A9FF-AE54-35CB-8C5D-DD60DF030894}
		{AE345650-C919-3675-A08A-654582D89E76} = {AE345650-C919-3675-A08A-654582D89E76}
		{EB525DFC-C5D1-311D-8011-EDDB509AEDFA} = {EB525DFC-C5D1-311D-8011-EDDB509AEDFA}
	EndProjectSection
EndProject
Project("{8BC9CEB8-8B4A-11D0-8D11-00A0C91BC942}") = "PhysXCharacterKinematic", "..\sdk_source_bin\PhysXCharacterKinematic.vcxproj", "{A6BFD20B-4A53-3688-842C-79DC968B9B87}"
	ProjectSection(ProjectDependencies) = postProject
		{F582C745-271B-3272-A4BC-3496CE53105C} = {F582C745-271B-3272-A4BC-3496CE53105C}
		{EB525DFC-C5D1-311D-8011-EDDB509AEDFA} = {EB525DFC-C5D1-311D-8011-EDDB509AEDFA}
	EndProjectSection
EndProject
Project("{8BC9CEB8-8B4A-11D0-8D11-00A0C91BC942}") = "PhysXCommon", "..\sdk_source_bin\PhysXCommon.vcxproj", "{78E3B7E6-21C7-3AD7-986C-989B7E0B1C90}"
	ProjectSection(ProjectDependencies) = postProject
		{F582C745-271B-3272-A4BC-3496CE53105C} = {F582C745-271B-3272-A4BC-3496CE53105C}
		{EB525DFC-C5D1-311D-8011-EDDB509AEDFA} = {EB525DFC-C5D1-311D-8011-EDDB509AEDFA}
	EndProjectSection
EndProject
Project("{8BC9CEB8-8B4A-11D0-8D11-00A0C91BC942}") = "PhysXCooking", "..\sdk_source_bin\PhysXCooking.vcxproj", "{80279712-6CFD-365B-A31E-9F187E703FD0}"
	ProjectSection(ProjectDependencies) = postProject
		{78E3B7E6-21C7-3AD7-986C-989B7E0B1C90} = {78E3B7E6-21C7-3AD7-986C-989B7E0B1C90}
		{F582C745-271B-3272-A4BC-3496CE53105C} = {F582C745-271B-3272-A4BC-3496CE53105C}
		{EB525DFC-C5D1-311D-8011-EDDB509AEDFA} = {EB525DFC-C5D1-311D-8011-EDDB509AEDFA}
	EndProjectSection
EndProject
Project("{8BC9CEB8-8B4A-11D0-8D11-00A0C91BC942}") = "PhysXExtensions", "..\sdk_source_bin\PhysXExtensions.vcxproj", "{DC7DE021-8C01-3D4C-8AA9-DD4A823EEBD3}"
	ProjectSection(ProjectDependencies) = postProject
		{066FDAF1-B986-3DF9-AB81-927D84360C43} = {066FDAF1-B986-3DF9-AB81-927D84360C43}
		{AE4763B1-75D4-39F0-9833-7A0DDB5B4018} = {AE4763B1-75D4-39F0-9833-7A0DDB5B4018}
		{F582C745-271B-3272-A4BC-3496CE53105C} = {F582C745-271B-3272-A4BC-3496CE53105C}
		{D4B7724C-D096-3043-8909-D8D1EDB19ED8} = {D4B7724C-D096-3043-8909-D8D1EDB19ED8}
		{EB525DFC-C5D1-311D-8011-EDDB509AEDFA} = {EB525DFC-C5D1-311D-8011-EDDB509AEDFA}
	EndProjectSection
EndProject
Project("{8BC9CEB8-8B4A-11D0-8D11-00A0C91BC942}") = "PhysXFoundation", "..\sdk_source_bin\PhysXFoundation.vcxproj", "{F582C745-271B-3272-A4BC-3496CE53105C}"
	ProjectSection(ProjectDependencies) = postProject
		{EB525DFC-C5D1-311D-8011-EDDB509AEDFA} = {EB525DFC-C5D1-311D-8011-EDDB509AEDFA}
	EndProjectSection
EndProject
Project("{8BC9CEB8-8B4A-11D0-8D11-00A0C91BC942}") = "PhysXPvdSDK", "..\sdk_source_bin\PhysXPvdSDK.vcxproj", "{D4B7724C-D096-3043-8909-D8D1EDB19ED8}"
	ProjectSection(ProjectDependencies) = postProject
		{F582C745-271B-3272-A4BC-3496CE53105C} = {F582C745-271B-3272-A4BC-3496CE53105C}
		{EB525DFC-C5D1-311D-8011-EDDB509AEDFA} = {EB525DFC-C5D1-311D-8011-EDDB509AEDFA}
	EndProjectSection
EndProject
Project("{8BC9CEB8-8B4A-11D0-8D11-00A0C91BC942}") = "PhysXTask", "..\sdk_source_bin\PhysXTask.vcxproj", "{EB717157-7916-3E31-9C5C-B07D55A12627}"
	ProjectSection(ProjectDependencies) = postProject
		{EB525DFC-C5D1-311D-8011-EDDB509AEDFA} = {EB525DFC-C5D1-311D-8011-EDDB509AEDFA}
	EndProjectSection
EndProject
Project("{8BC9CEB8-8B4A-11D0-8D11-00A0C91BC942}") = "PhysXVehicle", "..\sdk_source_bin\PhysXVehicle.vcxproj", "{B8744647-61FD-37C6-AD75-7AC64640A212}"
	ProjectSection(ProjectDependencies) = postProject
		{F582C745-271B-3272-A4BC-3496CE53105C} = {F582C745-271B-3272-A4BC-3496CE53105C}
		{D4B7724C-D096-3043-8909-D8D1EDB19ED8} = {D4B7724C-D096-3043-8909-D8D1EDB19ED8}
		{EB525DFC-C5D1-311D-8011-EDDB509AEDFA} = {EB525DFC-C5D1-311D-8011-EDDB509AEDFA}
	EndProjectSection
EndProject
Project("{8BC9CEB8-8B4A-11D0-8D11-00A0C91BC942}") = "SampleBase", "SampleBase.vcxproj", "{1C3C3A5E-D8B9-3C44-9AB0-0C8668812C78}"
	ProjectSection(ProjectDependencies) = postProject
		{AE4763B1-75D4-39F0-9833-7A0DDB5B4018} = {AE4763B1-75D4-39F0-9833-7A0DDB5B4018}
		{DC7DE021-8C01-3D4C-8AA9-DD4A823EEBD3} = {DC7DE021-8C01-3D4C-8AA9-DD4A823EEBD3}
		{F582C745-271B-3272-A4BC-3496CE53105C} = {F582C745-271B-3272-A4BC-3496CE53105C}
		{D4B7724C-D096-3043-8909-D8D1EDB19ED8} = {D4B7724C-D096-3043-8909-D8D1EDB19ED8}
		{E6EA0FB4-7DBC-3526-A3F2-ED4CAC5BE8ED} = {E6EA0FB4-7DBC-3526-A3F2-ED4CAC5BE8ED}
		{EB525DFC-C5D1-311D-8011-EDDB509AEDFA} = {EB525DFC-C5D1-311D-8011-EDDB509AEDFA}
	EndProjectSection
EndProject
Project("{8BC9CEB8-8B4A-11D0-8D11-00A0C91BC942}") = "SampleFramework", "SampleFramework.vcxproj", "{EA7616A3-5E16-3C3C-AC92-02CCF2F2AD6E}"
	ProjectSection(ProjectDependencies) = postProject
		{AE4763B1-75D4-39F0-9833-7A0DDB5B4018} = {AE4763B1-75D4-39F0-9833-7A0DDB5B4018}
		{DC7DE021-8C01-3D4C-8AA9-DD4A823EEBD3} = {DC7DE021-8C01-3D4C-8AA9-DD4A823EEBD3}
		{F582C745-271B-3272-A4BC-3496CE53105C} = {F582C745-271B-3272-A4BC-3496CE53105C}
		{D4B7724C-D096-3043-8909-D8D1EDB19ED8} = {D4B7724C-D096-3043-8909-D8D1EDB19ED8}
		{E6EA0FB4-7DBC-3526-A3F2-ED4CAC5BE8ED} = {E6EA0FB4-7DBC-3526-A3F2-ED4CAC5BE8ED}
		{EB525DFC-C5D1-311D-8011-EDDB509AEDFA} = {EB525DFC-C5D1-311D-8011-EDDB509AEDFA}
	EndProjectSection
EndProject
Project("{8BC9CEB8-8B4A-11D0-8D11-00A0C91BC942}") = "SamplePlatform", "SamplePlatform.vcxproj", "{AF647EB4-0E34-3389-AFFE-C60045EE7492}"
	ProjectSection(ProjectDependencies) = postProject
		{AE4763B1-75D4-39F0-9833-7A0DDB5B4018} = {AE4763B1-75D4-39F0-9833-7A0DDB5B4018}
		{DC7DE021-8C01-3D4C-8AA9-DD4A823EEBD3} = {DC7DE021-8C01-3D4C-8AA9-DD4A823EEBD3}
		{F582C745-271B-3272-A4BC-3496CE53105C} = {F582C745-271B-3272-A4BC-3496CE53105C}
		{D4B7724C-D096-3043-8909-D8D1EDB19ED8} = {D4B7724C-D096-3043-8909-D8D1EDB19ED8}
		{E6EA0FB4-7DBC-3526-A3F2-ED4CAC5BE8ED} = {E6EA0FB4-7DBC-3526-A3F2-ED4CAC5BE8ED}
		{EB525DFC-C5D1-311D-8011-EDDB509AEDFA} = {EB525DFC-C5D1-311D-8011-EDDB509AEDFA}
	EndProjectSection
EndProject
Project("{8BC9CEB8-8B4A-11D0-8D11-00A0C91BC942}") = "SampleRenderer", "SampleRenderer.vcxproj", "{01E6C6E9-77AD-3E1A-BB12-1FDE9EDCBC95}"
	ProjectSection(ProjectDependencies) = postProject
		{AE4763B1-75D4-39F0-9833-7A0DDB5B4018} = {AE4763B1-75D4-39F0-9833-7A0DDB5B4018}
		{DC7DE021-8C01-3D4C-8AA9-DD4A823EEBD3} = {DC7DE021-8C01-3D4C-8AA9-DD4A823EEBD3}
		{F582C745-271B-3272-A4BC-3496CE53105C} = {F582C745-271B-3272-A4BC-3496CE53105C}
		{D4B7724C-D096-3043-8909-D8D1EDB19ED8} = {D4B7724C-D096-3043-8909-D8D1EDB19ED8}
		{E6EA0FB4-7DBC-3526-A3F2-ED4CAC5BE8ED} = {E6EA0FB4-7DBC-3526-A3F2-ED4CAC5BE8ED}
		{EB525DFC-C5D1-311D-8011-EDDB509AEDFA} = {EB525DFC-C5D1-311D-8011-EDDB509AEDFA}
	EndProjectSection
EndProject
Project("{8BC9CEB8-8B4A-11D0-8D11-00A0C91BC942}") = "SampleToolkit", "SampleToolkit.vcxproj", "{E6EA0FB4-7DBC-3526-A3F2-ED4CAC5BE8ED}"
	ProjectSection(ProjectDependencies) = postProject
		{AE4763B1-75D4-39F0-9833-7A0DDB5B4018} = {AE4763B1-75D4-39F0-9833-7A0DDB5B4018}
		{DC7DE021-8C01-3D4C-8AA9-DD4A823EEBD3} = {DC7DE021-8C01-3D4C-8AA9-DD4A823EEBD3}
		{F582C745-271B-3272-A4BC-3496CE53105C} = {F582C745-271B-3272-A4BC-3496CE53105C}
		{D4B7724C-D096-3043-8909-D8D1EDB19ED8} = {D4B7724C-D096-3043-8909-D8D1EDB19ED8}
		{EB525DFC-C5D1-311D-8011-EDDB509AEDFA} = {EB525DFC-C5D1-311D-8011-EDDB509AEDFA}
	EndProjectSection
EndProject
Project("{8BC9CEB8-8B4A-11D0-8D11-00A0C91BC942}") = "Samples", "Samples.vcxproj", "{D6575800-A6B7-3EC7-BC79-2249CE769CD6}"
	ProjectSection(ProjectDependencies) = postProject
		{AE4763B1-75D4-39F0-9833-7A0DDB5B4018} = {AE4763B1-75D4-39F0-9833-7A0DDB5B4018}
		{A6BFD20B-4A53-3688-842C-79DC968B9B87} = {A6BFD20B-4A53-3688-842C-79DC968B9B87}
		{78E3B7E6-21C7-3AD7-986C-989B7E0B1C90} = {78E3B7E6-21C7-3AD7-986C-989B7E0B1C90}
		{80279712-6CFD-365B-A31E-9F187E703FD0} = {80279712-6CFD-365B-A31E-9F187E703FD0}
		{DC7DE021-8C01-3D4C-8AA9-DD4A823EEBD3} = {DC7DE021-8C01-3D4C-8AA9-DD4A823EEBD3}
		{F582C745-271B-3272-A4BC-3496CE53105C} = {F582C745-271B-3272-A4BC-3496CE53105C}
		{D4B7724C-D096-3043-8909-D8D1EDB19ED8} = {D4B7724C-D096-3043-8909-D8D1EDB19ED8}
		{B8744647-61FD-37C6-AD75-7AC64640A212} = {B8744647-61FD-37C6-AD75-7AC64640A212}
		{1C3C3A5E-D8B9-3C44-9AB0-0C8668812C78} = {1C3C3A5E-D8B9-3C44-9AB0-0C8668812C78}
		{EA7616A3-5E16-3C3C-AC92-02CCF2F2AD6E} = {EA7616A3-5E16-3C3C-AC92-02CCF2F2AD6E}
		{AF647EB4-0E34-3389-AFFE-C60045EE7492} = {AF647EB4-0E34-3389-AFFE-C60045EE7492}
		{01E6C6E9-77AD-3E1A-BB12-1FDE9EDCBC95} = {01E6C6E9-77AD-3E1A-BB12-1FDE9EDCBC95}
		{E6EA0FB4-7DBC-3526-A3F2-ED4CAC5BE8ED} = {E6EA0FB4-7DBC-3526-A3F2-ED4CAC5BE8ED}
		{EB525DFC-C5D1-311D-8011-EDDB509AEDFA} = {EB525DFC-C5D1-311D-8011-EDDB509AEDFA}
	EndProjectSection
EndProject
Project("{8BC9CEB8-8B4A-11D0-8D11-00A0C91BC942}") = "SceneQuery", "..\sdk_source_bin\SceneQuery.vcxproj", "{F4F7A9FF-AE54-35CB-8C5D-DD60DF030894}"
	ProjectSection(ProjectDependencies) = postProject
		{EB525DFC-C5D1-311D-8011-EDDB509AEDFA} = {EB525DFC-C5D1-311D-8011-EDDB509AEDFA}
	EndProjectSection
EndProject
Project("{8BC9CEB8-8B4A-11D0-8D11-00A0C91BC942}") = "SimulationController", "..\sdk_source_bin\SimulationController.vcxproj", "{AE345650-C919-3675-A08A-654582D89E76}"
	ProjectSection(ProjectDependencies) = postProject
		{EB525DFC-C5D1-311D-8011-EDDB509AEDFA} = {EB525DFC-C5D1-311D-8011-EDDB509AEDFA}
	EndProjectSection
EndProject
Project("{8BC9CEB8-8B4A-11D0-8D11-00A0C91BC942}") = "ZERO_CHECK", "..\\ZERO_CHECK.vcxproj", "{EB525DFC-C5D1-311D-8011-EDDB509AEDFA}"
	ProjectSection(ProjectDependencies) = postProject
	EndProjectSection
EndProject
Global
	GlobalSection(SolutionConfigurationPlatforms) = preSolution
		debug|x64 = debug|x64
		checked|x64 = checked|x64
		profile|x64 = profile|x64
		release|x64 = release|x64
	EndGlobalSection
	GlobalSection(ProjectConfigurationPlatforms) = postSolution
		{E1903C90-D1AB-3AE5-A744-09CA1F5FE47F}.debug|x64.ActiveCfg = debug|x64
		{E1903C90-D1AB-3AE5-A744-09CA1F5FE47F}.debug|x64.Build.0 = debug|x64
		{E1903C90-D1AB-3AE5-A744-09CA1F5FE47F}.checked|x64.ActiveCfg = checked|x64
		{E1903C90-D1AB-3AE5-A744-09CA1F5FE47F}.checked|x64.Build.0 = checked|x64
		{E1903C90-D1AB-3AE5-A744-09CA1F5FE47F}.profile|x64.ActiveCfg = profile|x64
		{E1903C90-D1AB-3AE5-A744-09CA1F5FE47F}.profile|x64.Build.0 = profile|x64
		{E1903C90-D1AB-3AE5-A744-09CA1F5FE47F}.release|x64.ActiveCfg = release|x64
		{E1903C90-D1AB-3AE5-A744-09CA1F5FE47F}.release|x64.Build.0 = release|x64
		{066FDAF1-B986-3DF9-AB81-927D84360C43}.debug|x64.ActiveCfg = debug|x64
		{066FDAF1-B986-3DF9-AB81-927D84360C43}.debug|x64.Build.0 = debug|x64
		{066FDAF1-B986-3DF9-AB81-927D84360C43}.checked|x64.ActiveCfg = checked|x64
		{066FDAF1-B986-3DF9-AB81-927D84360C43}.checked|x64.Build.0 = checked|x64
		{066FDAF1-B986-3DF9-AB81-927D84360C43}.profile|x64.ActiveCfg = profile|x64
		{066FDAF1-B986-3DF9-AB81-927D84360C43}.profile|x64.Build.0 = profile|x64
		{066FDAF1-B986-3DF9-AB81-927D84360C43}.release|x64.ActiveCfg = release|x64
		{066FDAF1-B986-3DF9-AB81-927D84360C43}.release|x64.Build.0 = release|x64
		{A007EF5B-F70F-3C61-ADC7-06DC25D83C36}.debug|x64.ActiveCfg = debug|x64
		{A007EF5B-F70F-3C61-ADC7-06DC25D83C36}.checked|x64.ActiveCfg = checked|x64
		{A007EF5B-F70F-3C61-ADC7-06DC25D83C36}.profile|x64.ActiveCfg = profile|x64
		{A007EF5B-F70F-3C61-ADC7-06DC25D83C36}.release|x64.ActiveCfg = release|x64
		{5F6552D5-B456-37B0-B54C-02FA41FE7E02}.debug|x64.ActiveCfg = debug|x64
		{5F6552D5-B456-37B0-B54C-02FA41FE7E02}.debug|x64.Build.0 = debug|x64
		{5F6552D5-B456-37B0-B54C-02FA41FE7E02}.checked|x64.ActiveCfg = checked|x64
		{5F6552D5-B456-37B0-B54C-02FA41FE7E02}.checked|x64.Build.0 = checked|x64
		{5F6552D5-B456-37B0-B54C-02FA41FE7E02}.profile|x64.ActiveCfg = profile|x64
		{5F6552D5-B456-37B0-B54C-02FA41FE7E02}.profile|x64.Build.0 = profile|x64
		{5F6552D5-B456-37B0-B54C-02FA41FE7E02}.release|x64.ActiveCfg = release|x64
		{5F6552D5-B456-37B0-B54C-02FA41FE7E02}.release|x64.Build.0 = release|x64
		{3D5FE57A-3E75-3001-AAB1-FB9F5D751E56}.debug|x64.ActiveCfg = debug|x64
		{3D5FE57A-3E75-3001-AAB1-FB9F5D751E56}.debug|x64.Build.0 = debug|x64
		{3D5FE57A-3E75-3001-AAB1-FB9F5D751E56}.checked|x64.ActiveCfg = checked|x64
		{3D5FE57A-3E75-3001-AAB1-FB9F5D751E56}.checked|x64.Build.0 = checked|x64
		{3D5FE57A-3E75-3001-AAB1-FB9F5D751E56}.profile|x64.ActiveCfg = profile|x64
		{3D5FE57A-3E75-3001-AAB1-FB9F5D751E56}.profile|x64.Build.0 = profile|x64
		{3D5FE57A-3E75-3001-AAB1-FB9F5D751E56}.release|x64.ActiveCfg = release|x64
		{3D5FE57A-3E75-3001-AAB1-FB9F5D751E56}.release|x64.Build.0 = release|x64
		{51077C6A-21D2-3CE1-87CD-ADEA6EC9F004}.debug|x64.ActiveCfg = debug|x64
		{51077C6A-21D2-3CE1-87CD-ADEA6EC9F004}.debug|x64.Build.0 = debug|x64
		{51077C6A-21D2-3CE1-87CD-ADEA6EC9F004}.checked|x64.ActiveCfg = checked|x64
		{51077C6A-21D2-3CE1-87CD-ADEA6EC9F004}.checked|x64.Build.0 = checked|x64
		{51077C6A-21D2-3CE1-87CD-ADEA6EC9F004}.profile|x64.ActiveCfg = profile|x64
		{51077C6A-21D2-3CE1-87CD-ADEA6EC9F004}.profile|x64.Build.0 = profile|x64
		{51077C6A-21D2-3CE1-87CD-ADEA6EC9F004}.release|x64.ActiveCfg = release|x64
		{51077C6A-21D2-3CE1-87CD-ADEA6EC9F004}.release|x64.Build.0 = release|x64
		{AE4763B1-75D4-39F0-9833-7A0DDB5B4018}.debug|x64.ActiveCfg = debug|x64
		{AE4763B1-75D4-39F0-9833-7A0DDB5B4018}.debug|x64.Build.0 = debug|x64
		{AE4763B1-75D4-39F0-9833-7A0DDB5B4018}.checked|x64.ActiveCfg = checked|x64
		{AE4763B1-75D4-39F0-9833-7A0DDB5B4018}.checked|x64.Build.0 = checked|x64
		{AE4763B1-75D4-39F0-9833-7A0DDB5B4018}.profile|x64.ActiveCfg = profile|x64
		{AE4763B1-75D4-39F0-9833-7A0DDB5B4018}.profile|x64.Build.0 = profile|x64
		{AE4763B1-75D4-39F0-9833-7A0DDB5B4018}.release|x64.ActiveCfg = release|x64
		{AE4763B1-75D4-39F0-9833-7A0DDB5B4018}.release|x64.Build.0 = release|x64
		{A6BFD20B-4A53-3688-842C-79DC968B9B87}.debug|x64.ActiveCfg = debug|x64
		{A6BFD20B-4A53-3688-842C-79DC968B9B87}.debug|x64.Build.0 = debug|x64
		{A6BFD20B-4A53-3688-842C-79DC968B9B87}.checked|x64.ActiveCfg = checked|x64
		{A6BFD20B-4A53-3688-842C-79DC968B9B87}.checked|x64.Build.0 = checked|x64
		{A6BFD20B-4A53-3688-842C-79DC968B9B87}.profile|x64.ActiveCfg = profile|x64
		{A6BFD20B-4A53-3688-842C-79DC968B9B87}.profile|x64.Build.0 = profile|x64
		{A6BFD20B-4A53-3688-842C-79DC968B9B87}.release|x64.ActiveCfg = release|x64
		{A6BFD20B-4A53-3688-842C-79DC968B9B87}.release|x64.Build.0 = release|x64
		{78E3B7E6-21C7-3AD7-986C-989B7E0B1C90}.debug|x64.ActiveCfg = debug|x64
		{78E3B7E6-21C7-3AD7-986C-989B7E0B1C90}.debug|x64.Build.0 = debug|x64
		{78E3B7E6-21C7-3AD7-986C-989B7E0B1C90}.checked|x64.ActiveCfg = checked|x64
		{78E3B7E6-21C7-3AD7-986C-989B7E0B1C90}.checked|x64.Build.0 = checked|x64
		{78E3B7E6-21C7-3AD7-986C-989B7E0B1C90}.profile|x64.ActiveCfg = profile|x64
		{78E3B7E6-21C7-3AD7-986C-989B7E0B1C90}.profile|x64.Build.0 = profile|x64
		{78E3B7E6-21C7-3AD7-986C-989B7E0B1C90}.release|x64.ActiveCfg = release|x64
		{78E3B7E6-21C7-3AD7-986C-989B7E0B1C90}.release|x64.Build.0 = release|x64
		{80279712-6CFD-365B-A31E-9F187E703FD0}.debug|x64.ActiveCfg = debug|x64
		{80279712-6CFD-365B-A31E-9F187E703FD0}.debug|x64.Build.0 = debug|x64
		{80279712-6CFD-365B-A31E-9F187E703FD0}.checked|x64.ActiveCfg = checked|x64
		{80279712-6CFD-365B-A31E-9F187E703FD0}.checked|x64.Build.0 = checked|x64
		{80279712-6CFD-365B-A31E-9F187E703FD0}.profile|x64.ActiveCfg = profile|x64
		{80279712-6CFD-365B-A31E-9F187E703FD0}.profile|x64.Build.0 = profile|x64
		{80279712-6CFD-365B-A31E-9F187E703FD0}.release|x64.ActiveCfg = release|x64
		{80279712-6CFD-365B-A31E-9F187E703FD0}.release|x64.Build.0 = release|x64
		{DC7DE021-8C01-3D4C-8AA9-DD4A823EEBD3}.debug|x64.ActiveCfg = debug|x64
		{DC7DE021-8C01-3D4C-8AA9-DD4A823EEBD3}.debug|x64.Build.0 = debug|x64
		{DC7DE021-8C01-3D4C-8AA9-DD4A823EEBD3}.checked|x64.ActiveCfg = checked|x64
		{DC7DE021-8C01-3D4C-8AA9-DD4A823EEBD3}.checked|x64.Build.0 = checked|x64
		{DC7DE021-8C01-3D4C-8AA9-DD4A823EEBD3}.profile|x64.ActiveCfg = profile|x64
		{DC7DE021-8C01-3D4C-8AA9-DD4A823EEBD3}.profile|x64.Build.0 = profile|x64
		{DC7DE021-8C01-3D4C-8AA9-DD4A823EEBD3}.release|x64.ActiveCfg = release|x64
		{DC7DE021-8C01-3D4C-8AA9-DD4A823EEBD3}.release|x64.Build.0 = release|x64
		{F582C745-271B-3272-A4BC-3496CE53105C}.debug|x64.ActiveCfg = debug|x64
		{F582C745-271B-3272-A4BC-3496CE53105C}.debug|x64.Build.0 = debug|x64
		{F582C745-271B-3272-A4BC-3496CE53105C}.checked|x64.ActiveCfg = checked|x64
		{F582C745-271B-3272-A4BC-3496CE53105C}.checked|x64.Build.0 = checked|x64
		{F582C745-271B-3272-A4BC-3496CE53105C}.profile|x64.ActiveCfg = profile|x64
		{F582C745-271B-3272-A4BC-3496CE53105C}.profile|x64.Build.0 = profile|x64
		{F582C745-271B-3272-A4BC-3496CE53105C}.release|x64.ActiveCfg = release|x64
		{F582C745-271B-3272-A4BC-3496CE53105C}.release|x64.Build.0 = release|x64
		{D4B7724C-D096-3043-8909-D8D1EDB19ED8}.debug|x64.ActiveCfg = debug|x64
		{D4B7724C-D096-3043-8909-D8D1EDB19ED8}.debug|x64.Build.0 = debug|x64
		{D4B7724C-D096-3043-8909-D8D1EDB19ED8}.checked|x64.ActiveCfg = checked|x64
		{D4B7724C-D096-3043-8909-D8D1EDB19ED8}.checked|x64.Build.0 = checked|x64
		{D4B7724C-D096-3043-8909-D8D1EDB19ED8}.profile|x64.ActiveCfg = profile|x64
		{D4B7724C-D096-3043-8909-D8D1EDB19ED8}.profile|x64.Build.0 = profile|x64
		{D4B7724C-D096-3043-8909-D8D1EDB19ED8}.release|x64.ActiveCfg = release|x64
		{D4B7724C-D096-3043-8909-D8D1EDB19ED8}.release|x64.Build.0 = release|x64
		{EB717157-7916-3E31-9C5C-B07D55A12627}.debug|x64.ActiveCfg = debug|x64
		{EB717157-7916-3E31-9C5C-B07D55A12627}.debug|x64.Build.0 = debug|x64
		{EB717157-7916-3E31-9C5C-B07D55A12627}.checked|x64.ActiveCfg = checked|x64
		{EB717157-7916-3E31-9C5C-B07D55A12627}.checked|x64.Build.0 = checked|x64
		{EB717157-7916-3E31-9C5C-B07D55A12627}.profile|x64.ActiveCfg = profile|x64
		{EB717157-7916-3E31-9C5C-B07D55A12627}.profile|x64.Build.0 = profile|x64
		{EB717157-7916-3E31-9C5C-B07D55A12627}.release|x64.ActiveCfg = release|x64
		{EB717157-7916-3E31-9C5C-B07D55A12627}.release|x64.Build.0 = release|x64
		{B8744647-61FD-37C6-AD75-7AC64640A212}.debug|x64.ActiveCfg = debug|x64
		{B8744647-61FD-37C6-AD75-7AC64640A212}.debug|x64.Build.0 = debug|x64
		{B8744647-61FD-37C6-AD75-7AC64640A212}.checked|x64.ActiveCfg = checked|x64
		{B8744647-61FD-37C6-AD75-7AC64640A212}.checked|x64.Build.0 = checked|x64
		{B8744647-61FD-37C6-AD75-7AC64640A212}.profile|x64.ActiveCfg = profile|x64
		{B8744647-61FD-37C6-AD75-7AC64640A212}.profile|x64.Build.0 = profile|x64
		{B8744647-61FD-37C6-AD75-7AC64640A212}.release|x64.ActiveCfg = release|x64
		{B8744647-61FD-37C6-AD75-7AC64640A212}.release|x64.Build.0 = release|x64
		{1C3C3A5E-D8B9-3C44-9AB0-0C8668812C78}.debug|x64.ActiveCfg = debug|x64
		{1C3C3A5E-D8B9-3C44-9AB0-0C8668812C78}.debug|x64.Build.0 = debug|x64
		{1C3C3A5E-D8B9-3C44-9AB0-0C8668812C78}.checked|x64.ActiveCfg = checked|x64
		{1C3C3A5E-D8B9-3C44-9AB0-0C8668812C78}.checked|x64.Build.0 = checked|x64
		{1C3C3A5E-D8B9-3C44-9AB0-0C8668812C78}.profile|x64.ActiveCfg = profile|x64
		{1C3C3A5E-D8B9-3C44-9AB0-0C8668812C78}.profile|x64.Build.0 = profile|x64
		{1C3C3A5E-D8B9-3C44-9AB0-0C8668812C78}.release|x64.ActiveCfg = release|x64
		{1C3C3A5E-D8B9-3C44-9AB0-0C8668812C78}.release|x64.Build.0 = release|x64
		{EA7616A3-5E16-3C3C-AC92-02CCF2F2AD6E}.debug|x64.ActiveCfg = debug|x64
		{EA7616A3-5E16-3C3C-AC92-02CCF2F2AD6E}.debug|x64.Build.0 = debug|x64
		{EA7616A3-5E16-3C3C-AC92-02CCF2F2AD6E}.checked|x64.ActiveCfg = checked|x64
		{EA7616A3-5E16-3C3C-AC92-02CCF2F2AD6E}.checked|x64.Build.0 = checked|x64
		{EA7616A3-5E16-3C3C-AC92-02CCF2F2AD6E}.profile|x64.ActiveCfg = profile|x64
		{EA7616A3-5E16-3C3C-AC92-02CCF2F2AD6E}.profile|x64.Build.0 = profile|x64
		{EA7616A3-5E16-3C3C-AC92-02CCF2F2AD6E}.release|x64.ActiveCfg = release|x64
		{EA7616A3-5E16-3C3C-AC92-02CCF2F2AD6E}.release|x64.Build.0 = release|x64
		{AF647EB4-0E34-3389-AFFE-C60045EE7492}.debug|x64.ActiveCfg = debug|x64
		{AF647EB4-0E34-3389-AFFE-C60045EE7492}.debug|x64.Build.0 = debug|x64
		{AF647EB4-0E34-3389-AFFE-C60045EE7492}.checked|x64.ActiveCfg = checked|x64
		{AF647EB4-0E34-3389-AFFE-C60045EE7492}.checked|x64.Build.0 = checked|x64
		{AF647EB4-0E34-3389-AFFE-C60045EE7492}.profile|x64.ActiveCfg = profile|x64
		{AF647EB4-0E34-3389-AFFE-C60045EE7492}.profile|x64.Build.0 = profile|x64
		{AF647EB4-0E34-3389-AFFE-C60045EE7492}.release|x64.ActiveCfg = release|x64
		{AF647EB4-0E34-3389-AFFE-C60045EE7492}.release|x64.Build.0 = release|x64
		{01E6C6E9-77AD-3E1A-BB12-1FDE9EDCBC95}.debug|x64.ActiveCfg = debug|x64
		{01E6C6E9-77AD-3E1A-BB12-1FDE9EDCBC95}.debug|x64.Build.0 = debug|x64
		{01E6C6E9-77AD-3E1A-BB12-1FDE9EDCBC95}.checked|x64.ActiveCfg = checked|x64
		{01E6C6E9-77AD-3E1A-BB12-1FDE9EDCBC95}.checked|x64.Build.0 = checked|x64
		{01E6C6E9-77AD-3E1A-BB12-1FDE9EDCBC95}.profile|x64.ActiveCfg = profile|x64
		{01E6C6E9-77AD-3E1A-BB12-1FDE9EDCBC95}.profile|x64.Build.0 = profile|x64
		{01E6C6E9-77AD-3E1A-BB12-1FDE9EDCBC95}.release|x64.ActiveCfg = release|x64
		{01E6C6E9-77AD-3E1A-BB12-1FDE9EDCBC95}.release|x64.Build.0 = release|x64
		{E6EA0FB4-7DBC-3526-A3F2-ED4CAC5BE8ED}.debug|x64.ActiveCfg = debug|x64
		{E6EA0FB4-7DBC-3526-A3F2-ED4CAC5BE8ED}.debug|x64.Build.0 = debug|x64
		{E6EA0FB4-7DBC-3526-A3F2-ED4CAC5BE8ED}.checked|x64.ActiveCfg = checked|x64
		{E6EA0FB4-7DBC-3526-A3F2-ED4CAC5BE8ED}.checked|x64.Build.0 = checked|x64
		{E6EA0FB4-7DBC-3526-A3F2-ED4CAC5BE8ED}.profile|x64.ActiveCfg = profile|x64
		{E6EA0FB4-7DBC-3526-A3F2-ED4CAC5BE8ED}.profile|x64.Build.0 = profile|x64
		{E6EA0FB4-7DBC-3526-A3F2-ED4CAC5BE8ED}.release|x64.ActiveCfg = release|x64
		{E6EA0FB4-7DBC-3526-A3F2-ED4CAC5BE8ED}.release|x64.Build.0 = release|x64
		{D6575800-A6B7-3EC7-BC79-2249CE769CD6}.debug|x64.ActiveCfg = debug|x64
		{D6575800-A6B7-3EC7-BC79-2249CE769CD6}.debug|x64.Build.0 = debug|x64
		{D6575800-A6B7-3EC7-BC79-2249CE769CD6}.checked|x64.ActiveCfg = checked|x64
		{D6575800-A6B7-3EC7-BC79-2249CE769CD6}.checked|x64.Build.0 = checked|x64
		{D6575800-A6B7-3EC7-BC79-2249CE769CD6}.profile|x64.ActiveCfg = profile|x64
		{D6575800-A6B7-3EC7-BC79-2249CE769CD6}.profile|x64.Build.0 = profile|x64
		{D6575800-A6B7-3EC7-BC79-2249CE769CD6}.release|x64.ActiveCfg = release|x64
		{D6575800-A6B7-3EC7-BC79-2249CE769CD6}.release|x64.Build.0 = release|x64
		{F4F7A9FF-AE54-35CB-8C5D-DD60DF030894}.debug|x64.ActiveCfg = debug|x64
		{F4F7A9FF-AE54-35CB-8C5D-DD60DF030894}.debug|x64.Build.0 = debug|x64
		{F4F7A9FF-AE54-35CB-8C5D-DD60DF030894}.checked|x64.ActiveCfg = checked|x64
		{F4F7A9FF-AE54-35CB-8C5D-DD60DF030894}.checked|x64.Build.0 = checked|x64
		{F4F7A9FF-AE54-35CB-8C5D-DD60DF030894}.profile|x64.ActiveCfg = profile|x64
		{F4F7A9FF-AE54-35CB-8C5D-DD60DF030894}.profile|x64.Build.0 = profile|x64
		{F4F7A9FF-AE54-35CB-8C5D-DD60DF030894}.release|x64.ActiveCfg = release|x64
		{F4F7A9FF-AE54-35CB-8C5D-DD60DF030894}.release|x64.Build.0 = release|x64
		{AE345650-C919-3675-A08A-654582D89E76}.debug|x64.ActiveCfg = debug|x64
		{AE345650-C919-3675-A08A-654582D89E76}.debug|x64.Build.0 = debug|x64
		{AE345650-C919-3675-A08A-654582D89E76}.checked|x64.ActiveCfg = checked|x64
		{AE345650-C919-3675-A08A-654582D89E76}.checked|x64.Build.0 = checked|x64
		{AE345650-C919-3675-A08A-654582D89E76}.profile|x64.ActiveCfg = profile|x64
		{AE345650-C919-3675-A08A-654582D89E76}.profile|x64.Build.0 = profile|x64
		{AE345650-C919-3675-A08A-654582D89E76}.release|x64.ActiveCfg = release|x64
		{AE345650-C919-3675-A08A-654582D89E76}.release|x64.Build.0 = release|x64
		{EB525DFC-C5D1-311D-8011-EDDB509AEDFA}.debug|x64.ActiveCfg = debug|x64
		{EB525DFC-C5D1-311D-8011-EDDB509AEDFA}.debug|x64.Build.0 = debug|x64
		{EB525DFC-C5D1-311D-8011-EDDB509AEDFA}.checked|x64.ActiveCfg = checked|x64
		{EB525DFC-C5D1-311D-8011-EDDB509AEDFA}.checked|x64.Build.0 = checked|x64
		{EB525DFC-C5D1-311D-8011-EDDB509AEDFA}.profile|x64.ActiveCfg = profile|x64
		{EB525DFC-C5D1-311D-8011-EDDB509AEDFA}.profile|x64.Build.0 = profile|x64
		{EB525DFC-C5D1-311D-8011-EDDB509AEDFA}.release|x64.ActiveCfg = release|x64
		{EB525DFC-C5D1-311D-8011-EDDB509AEDFA}.release|x64.Build.0 = release|x64
	EndGlobalSection
	GlobalSection(NestedProjects) = preSolution
		{E1903C90-D1AB-3AE5-A744-09CA1F5FE47F} = {04541473-F12B-3E1B-931E-65AE9FFFA13F}
		{A007EF5B-F70F-3C61-ADC7-06DC25D83C36} = {04541473-F12B-3E1B-931E-65AE9FFFA13F}
		{EB525DFC-C5D1-311D-8011-EDDB509AEDFA} = {04541473-F12B-3E1B-931E-65AE9FFFA13F}
		{066FDAF1-B986-3DF9-AB81-927D84360C43} = {E92E7609-B693-317B-9442-F8146200EE70}
		{5F6552D5-B456-37B0-B54C-02FA41FE7E02} = {E92E7609-B693-317B-9442-F8146200EE70}
		{3D5FE57A-3E75-3001-AAB1-FB9F5D751E56} = {E92E7609-B693-317B-9442-F8146200EE70}
		{51077C6A-21D2-3CE1-87CD-ADEA6EC9F004} = {E92E7609-B693-317B-9442-F8146200EE70}
		{AE4763B1-75D4-39F0-9833-7A0DDB5B4018} = {E92E7609-B693-317B-9442-F8146200EE70}
		{A6BFD20B-4A53-3688-842C-79DC968B9B87} = {E92E7609-B693-317B-9442-F8146200EE70}
		{78E3B7E6-21C7-3AD7-986C-989B7E0B1C90} = {E92E7609-B693-317B-9442-F8146200EE70}
		{80279712-6CFD-365B-A31E-9F187E703FD0} = {E92E7609-B693-317B-9442-F8146200EE70}
		{DC7DE021-8C01-3D4C-8AA9-DD4A823EEBD3} = {E92E7609-B693-317B-9442-F8146200EE70}
		{F582C745-271B-3272-A4BC-3496CE53105C} = {E92E7609-B693-317B-9442-F8146200EE70}
		{D4B7724C-D096-3043-8909-D8D1EDB19ED8} = {E92E7609-B693-317B-9442-F8146200EE70}
		{EB717157-7916-3E31-9C5C-B07D55A12627} = {E92E7609-B693-317B-9442-F8146200EE70}
		{B8744647-61FD-37C6-AD75-7AC64640A212} = {E92E7609-B693-317B-9442-F8146200EE70}
		{F4F7A9FF-AE54-35CB-8C5D-DD60DF030894} = {E92E7609-B693-317B-9442-F8146200EE70}
		{AE345650-C919-3675-A08A-654582D89E76} = {E92E7609-B693-317B-9442-F8146200EE70}
		{DBB59441-1AC0-325E-AD23-B5EA42B15318} = {FD5E6566-D6F1-3EBE-8752-06EDD36F45F1}
		{D6575800-A6B7-3EC7-BC79-2249CE769CD6} = {FD5E6566-D6F1-3EBE-8752-06EDD36F45F1}
		{1C3C3A5E-D8B9-3C44-9AB0-0C8668812C78} = {DBB59441-1AC0-325E-AD23-B5EA42B15318}
		{EA7616A3-5E16-3C3C-AC92-02CCF2F2AD6E} = {DBB59441-1AC0-325E-AD23-B5EA42B15318}
		{AF647EB4-0E34-3389-AFFE-C60045EE7492} = {DBB59441-1AC0-325E-AD23-B5EA42B15318}
		{01E6C6E9-77AD-3E1A-BB12-1FDE9EDCBC95} = {DBB59441-1AC0-325E-AD23-B5EA42B15318}
		{E6EA0FB4-7DBC-3526-A3F2-ED4CAC5BE8ED} = {DBB59441-1AC0-325E-AD23-B5EA42B15318}
	EndGlobalSection
	GlobalSection(ExtensibilityGlobals) = postSolution
		SolutionGuid = {0EC5DB0F-C8C1-3D0F-A26B-D4D1843CF304}
	EndGlobalSection
	GlobalSection(ExtensibilityAddIns) = postSolution
	EndGlobalSection
EndGlobal
